// !$*UTF8*$!
{
	archiveVersion = 1;
	classes = {
	};
	objectVersion = 50;
	objects = {

/* Begin PBXBuildFile section */
		923DAB1F26BBBD51006098EA /* Rem1ndApp.swift in Sources */ = {isa = PBXBuildFile; fileRef = 923DAB1E26BBBD51006098EA /* Rem1ndApp.swift */; };
		923DAB2126BBBD51006098EA /* ContentView.swift in Sources */ = {isa = PBXBuildFile; fileRef = 923DAB2026BBBD51006098EA /* ContentView.swift */; };
		923DAB2326BBBD53006098EA /* Assets.xcassets in Resources */ = {isa = PBXBuildFile; fileRef = 923DAB2226BBBD53006098EA /* Assets.xcassets */; };
		923DAB2626BBBD53006098EA /* Preview Assets.xcassets in Resources */ = {isa = PBXBuildFile; fileRef = 923DAB2526BBBD53006098EA /* Preview Assets.xcassets */; };
		923DAB2E26BBC8F1006098EA /* Category.swift in Sources */ = {isa = PBXBuildFile; fileRef = 923DAB2D26BBC8F1006098EA /* Category.swift */; };
/* End PBXBuildFile section */

/* Begin PBXFileReference section */
		923DAB1B26BBBD51006098EA /* Rem1nd.app */ = {isa = PBXFileReference; explicitFileType = wrapper.application; includeInIndex = 0; path = Rem1nd.app; sourceTree = BUILT_PRODUCTS_DIR; };
		923DAB1E26BBBD51006098EA /* Rem1ndApp.swift */ = {isa = PBXFileReference; lastKnownFileType = sourcecode.swift; path = Rem1ndApp.swift; sourceTree = "<group>"; };
		923DAB2026BBBD51006098EA /* ContentView.swift */ = {isa = PBXFileReference; lastKnownFileType = sourcecode.swift; path = ContentView.swift; sourceTree = "<group>"; };
		923DAB2226BBBD53006098EA /* Assets.xcassets */ = {isa = PBXFileReference; lastKnownFileType = folder.assetcatalog; path = Assets.xcassets; sourceTree = "<group>"; };
		923DAB2526BBBD53006098EA /* Preview Assets.xcassets */ = {isa = PBXFileReference; lastKnownFileType = folder.assetcatalog; path = "Preview Assets.xcassets"; sourceTree = "<group>"; };
		923DAB2726BBBD53006098EA /* Info.plist */ = {isa = PBXFileReference; lastKnownFileType = text.plist.xml; path = Info.plist; sourceTree = "<group>"; };
		923DAB2D26BBC8F1006098EA /* Category.swift */ = {isa = PBXFileReference; lastKnownFileType = sourcecode.swift; path = Category.swift; sourceTree = "<group>"; };
/* End PBXFileReference section */

/* Begin PBXFrameworksBuildPhase section */
		923DAB1826BBBD51006098EA /* Frameworks */ = {
			isa = PBXFrameworksBuildPhase;
			buildActionMask = 2147483647;
			files = (
			);
			runOnlyForDeploymentPostprocessing = 0;
		};
/* End PBXFrameworksBuildPhase section */

/* Begin PBXGroup section */
		923DAB1226BBBD51006098EA = {
			isa = PBXGroup;
			children = (
				923DAB1D26BBBD51006098EA /* Rem1nd */,
				923DAB1C26BBBD51006098EA /* Products */,
			);
			sourceTree = "<group>";
		};
		923DAB1C26BBBD51006098EA /* Products */ = {
			isa = PBXGroup;
			children = (
				923DAB1B26BBBD51006098EA /* Rem1nd.app */,
			);
			name = Products;
			sourceTree = "<group>";
		};
		923DAB1D26BBBD51006098EA /* Rem1nd */ = {
			isa = PBXGroup;
			children = (
				923DAB2D26BBC8F1006098EA /* Category.swift */,
				923DAB1E26BBBD51006098EA /* Rem1ndApp.swift */,
				923DAB2026BBBD51006098EA /* ContentView.swift */,
				923DAB2226BBBD53006098EA /* Assets.xcassets */,
				923DAB2726BBBD53006098EA /* Info.plist */,
				923DAB2426BBBD53006098EA /* Preview Content */,
			);
			path = Rem1nd;
			sourceTree = "<group>";
		};
		923DAB2426BBBD53006098EA /* Preview Content */ = {
			isa = PBXGroup;
			children = (
				923DAB2526BBBD53006098EA /* Preview Assets.xcassets */,
			);
			path = "Preview Content";
			sourceTree = "<group>";
		};
/* End PBXGroup section */

/* Begin PBXNativeTarget section */
		923DAB1A26BBBD51006098EA /* Rem1nd */ = {
			isa = PBXNativeTarget;
			buildConfigurationList = 923DAB2A26BBBD53006098EA /* Build configuration list for PBXNativeTarget "Rem1nd" */;
			buildPhases = (
				923DAB1726BBBD51006098EA /* Sources */,
				923DAB1826BBBD51006098EA /* Frameworks */,
				923DAB1926BBBD51006098EA /* Resources */,
			);
			buildRules = (
			);
			dependencies = (
			);
			name = Rem1nd;
			productName = Rem1nd;
			productReference = 923DAB1B26BBBD51006098EA /* Rem1nd.app */;
			productType = "com.apple.product-type.application";
		};
/* End PBXNativeTarget section */

/* Begin PBXProject section */
		923DAB1326BBBD51006098EA /* Project object */ = {
			isa = PBXProject;
			attributes = {
				LastSwiftUpdateCheck = 1250;
				LastUpgradeCheck = 1250;
				TargetAttributes = {
					923DAB1A26BBBD51006098EA = {
						CreatedOnToolsVersion = 12.5.1;
					};
				};
			};
			buildConfigurationList = 923DAB1626BBBD51006098EA /* Build configuration list for PBXProject "Rem1nd" */;
			compatibilityVersion = "Xcode 9.3";
			developmentRegion = en;
			hasScannedForEncodings = 0;
			knownRegions = (
				en,
				Base,
			);
			mainGroup = 923DAB1226BBBD51006098EA;
			productRefGroup = 923DAB1C26BBBD51006098EA /* Products */;
			projectDirPath = "";
			projectRoot = "";
			targets = (
				923DAB1A26BBBD51006098EA /* Rem1nd */,
			);
		};
/* End PBXProject section */

/* Begin PBXResourcesBuildPhase section */
		923DAB1926BBBD51006098EA /* Resources */ = {
			isa = PBXResourcesBuildPhase;
			buildActionMask = 2147483647;
			files = (
				923DAB2626BBBD53006098EA /* Preview Assets.xcassets in Resources */,
				923DAB2326BBBD53006098EA /* Assets.xcassets in Resources */,
			);
			runOnlyForDeploymentPostprocessing = 0;
		};
/* End PBXResourcesBuildPhase section */

/* Begin PBXSourcesBuildPhase section */
		923DAB1726BBBD51006098EA /* Sources */ = {
			isa = PBXSourcesBuildPhase;
			buildActionMask = 2147483647;
			files = (
				923DAB2126BBBD51006098EA /* ContentView.swift in Sources */,
				923DAB1F26BBBD51006098EA /* Rem1ndApp.swift in Sources */,
				923DAB2E26BBC8F1006098EA /* Category.swift in Sources */,
			);
			runOnlyForDeploymentPostprocessing = 0;
		};
/* End PBXSourcesBuildPhase section */

/* Begin XCBuildConfiguration section */
		923DAB2826BBBD53006098EA /* Debug */ = {
			isa = XCBuildConfiguration;
			buildSettings = {
				ALWAYS_SEARCH_USER_PATHS = NO;
				CLANG_ANALYZER_NONNULL = YES;
				CLANG_ANALYZER_NUMBER_OBJECT_CONVERSION = YES_AGGRESSIVE;
				CLANG_CXX_LANGUAGE_STANDARD = "gnu++14";
				CLANG_CXX_LIBRARY = "libc++";
				CLANG_ENABLE_MODULES = YES;
				CLANG_ENABLE_OBJC_ARC = YES;
				CLANG_ENABLE_OBJC_WEAK = YES;
				CLANG_WARN_BLOCK_CAPTURE_AUTORELEASING = YES;
				CLANG_WARN_BOOL_CONVERSION = YES;
				CLANG_WARN_COMMA = YES;
				CLANG_WARN_CONSTANT_CONVERSION = YES;
				CLANG_WARN_DEPRECATED_OBJC_IMPLEMENTATIONS = YES;
				CLANG_WARN_DIRECT_OBJC_ISA_USAGE = YES_ERROR;
				CLANG_WARN_DOCUMENTATION_COMMENTS = YES;
				CLANG_WARN_EMPTY_BODY = YES;
				CLANG_WARN_ENUM_CONVERSION = YES;
				CLANG_WARN_INFINITE_RECURSION = YES;
				CLANG_WARN_INT_CONVERSION = YES;
				CLANG_WARN_NON_LITERAL_NULL_CONVERSION = YES;
				CLANG_WARN_OBJC_IMPLICIT_RETAIN_SELF = YES;
				CLANG_WARN_OBJC_LITERAL_CONVERSION = YES;
				CLANG_WARN_OBJC_ROOT_CLASS = YES_ERROR;
				CLANG_WARN_QUOTED_INCLUDE_IN_FRAMEWORK_HEADER = YES;
				CLANG_WARN_RANGE_LOOP_ANALYSIS = YES;
				CLANG_WARN_STRICT_PROTOTYPES = YES;
				CLANG_WARN_SUSPICIOUS_MOVE = YES;
				CLANG_WARN_UNGUARDED_AVAILABILITY = YES_AGGRESSIVE;
				CLANG_WARN_UNREACHABLE_CODE = YES;
				CLANG_WARN__DUPLICATE_METHOD_MATCH = YES;
				COPY_PHASE_STRIP = NO;
				DEBUG_INFORMATION_FORMAT = dwarf;
				ENABLE_STRICT_OBJC_MSGSEND = YES;
				ENABLE_TESTABILITY = YES;
				GCC_C_LANGUAGE_STANDARD = gnu11;
				GCC_DYNAMIC_NO_PIC = NO;
				GCC_NO_COMMON_BLOCKS = YES;
				GCC_OPTIMIZATION_LEVEL = 0;
				GCC_PREPROCESSOR_DEFINITIONS = (
					"DEBUG=1",
					"$(inherited)",
				);
				GCC_WARN_64_TO_32_BIT_CONVERSION = YES;
				GCC_WARN_ABOUT_RETURN_TYPE = YES_ERROR;
				GCC_WARN_UNDECLARED_SELECTOR = YES;
				GCC_WARN_UNINITIALIZED_AUTOS = YES_AGGRESSIVE;
				GCC_WARN_UNUSED_FUNCTION = YES;
				GCC_WARN_UNUSED_VARIABLE = YES;
				IPHONEOS_DEPLOYMENT_TARGET = 14.5;
				MTL_ENABLE_DEBUG_INFO = INCLUDE_SOURCE;
				MTL_FAST_MATH = YES;
				ONLY_ACTIVE_ARCH = YES;
				SDKROOT = iphoneos;
				SWIFT_ACTIVE_COMPILATION_CONDITIONS = DEBUG;
				SWIFT_OPTIMIZATION_LEVEL = "-Onone";
			};
			name = Debug;
		};
		923DAB2926BBBD53006098EA /* Release */ = {
			isa = XCBuildConfiguration;
			buildSettings = {
				ALWAYS_SEARCH_USER_PATHS = NO;
				CLANG_ANALYZER_NONNULL = YES;
				CLANG_ANALYZER_NUMBER_OBJECT_CONVERSION = YES_AGGRESSIVE;
				CLANG_CXX_LANGUAGE_STANDARD = "gnu++14";
				CLANG_CXX_LIBRARY = "libc++";
				CLANG_ENABLE_MODULES = YES;
				CLANG_ENABLE_OBJC_ARC = YES;
				CLANG_ENABLE_OBJC_WEAK = YES;
				CLANG_WARN_BLOCK_CAPTURE_AUTORELEASING = YES;
				CLANG_WARN_BOOL_CONVERSION = YES;
				CLANG_WARN_COMMA = YES;
				CLANG_WARN_CONSTANT_CONVERSION = YES;
				CLANG_WARN_DEPRECATED_OBJC_IMPLEMENTATIONS = YES;
				CLANG_WARN_DIRECT_OBJC_ISA_USAGE = YES_ERROR;
				CLANG_WARN_DOCUMENTATION_COMMENTS = YES;
				CLANG_WARN_EMPTY_BODY = YES;
				CLANG_WARN_ENUM_CONVERSION = YES;
				CLANG_WARN_INFINITE_RECURSION = YES;
				CLANG_WARN_INT_CONVERSION = YES;
				CLANG_WARN_NON_LITERAL_NULL_CONVERSION = YES;
				CLANG_WARN_OBJC_IMPLICIT_RETAIN_SELF = YES;
				CLANG_WARN_OBJC_LITERAL_CONVERSION = YES;
				CLANG_WARN_OBJC_ROOT_CLASS = YES_ERROR;
				CLANG_WARN_QUOTED_INCLUDE_IN_FRAMEWORK_HEADER = YES;
				CLANG_WARN_RANGE_LOOP_ANALYSIS = YES;
				CLANG_WARN_STRICT_PROTOTYPES = YES;
				CLANG_WARN_SUSPICIOUS_MOVE = YES;
				CLANG_WARN_UNGUARDED_AVAILABILITY = YES_AGGRESSIVE;
				CLANG_WARN_UNREACHABLE_CODE = YES;
				CLANG_WARN__DUPLICATE_METHOD_MATCH = YES;
				COPY_PHASE_STRIP = NO;
				DEBUG_INFORMATION_FORMAT = "dwarf-with-dsym";
				ENABLE_NS_ASSERTIONS = NO;
				ENABLE_STRICT_OBJC_MSGSEND = YES;
				GCC_C_LANGUAGE_STANDARD = gnu11;
				GCC_NO_COMMON_BLOCKS = YES;
				GCC_WARN_64_TO_32_BIT_CONVERSION = YES;
				GCC_WARN_ABOUT_RETURN_TYPE = YES_ERROR;
				GCC_WARN_UNDECLARED_SELECTOR = YES;
				GCC_WARN_UNINITIALIZED_AUTOS = YES_AGGRESSIVE;
				GCC_WARN_UNUSED_FUNCTION = YES;
				GCC_WARN_UNUSED_VARIABLE = YES;
				IPHONEOS_DEPLOYMENT_TARGET = 14.5;
				MTL_ENABLE_DEBUG_INFO = NO;
				MTL_FAST_MATH = YES;
				SDKROOT = iphoneos;
				SWIFT_COMPILATION_MODE = wholemodule;
				SWIFT_OPTIMIZATION_LEVEL = "-O";
				VALIDATE_PRODUCT = YES;
			};
			name = Release;
		};
		923DAB2B26BBBD53006098EA /* Debug */ = {
			isa = XCBuildConfiguration;
			buildSettings = {
				ASSETCATALOG_COMPILER_APPICON_NAME = AppIcon;
				ASSETCATALOG_COMPILER_GLOBAL_ACCENT_COLOR_NAME = AccentColor;
				CODE_SIGN_STYLE = Automatic;
				DEVELOPMENT_ASSET_PATHS = "\"Rem1nd/Preview Content\"";
				DEVELOPMENT_TEAM = 7N33K7723D;
				ENABLE_PREVIEWS = YES;
				INFOPLIST_FILE = Rem1nd/Info.plist;
				IPHONEOS_DEPLOYMENT_TARGET = 14.0;
				LD_RUNPATH_SEARCH_PATHS = (
					"$(inherited)",
					"@executable_path/Frameworks",
				);
				PRODUCT_BUNDLE_IDENTIFIER = odysseus.Rem1nd;
				PRODUCT_NAME = "$(TARGET_NAME)";
				SWIFT_VERSION = 5.0;
				TARGETED_DEVICE_FAMILY = "1,2";
			};
			name = Debug;
		};
		923DAB2C26BBBD53006098EA /* Release */ = {
			isa = XCBuildConfiguration;
			buildSettings = {
				ASSETCATALOG_COMPILER_APPICON_NAME = AppIcon;
				ASSETCATALOG_COMPILER_GLOBAL_ACCENT_COLOR_NAME = AccentColor;
				CODE_SIGN_STYLE = Automatic;
				DEVELOPMENT_ASSET_PATHS = "\"Rem1nd/Preview Content\"";
				DEVELOPMENT_TEAM = 7N33K7723D;
				ENABLE_PREVIEWS = YES;
				INFOPLIST_FILE = Rem1nd/Info.plist;
				IPHONEOS_DEPLOYMENT_TARGET = 14.0;
				LD_RUNPATH_SEARCH_PATHS = (
					"$(inherited)",
					"@executable_path/Frameworks",
				);
				PRODUCT_BUNDLE_IDENTIFIER = odysseus.Rem1nd;
				PRODUCT_NAME = "$(TARGET_NAME)";
				SWIFT_VERSION = 5.0;
				TARGETED_DEVICE_FAMILY = "1,2";
			};
			name = Release;
		};
/* End XCBuildConfiguration section */

/* Begin XCConfigurationList section */
		923DAB1626BBBD51006098EA /* Build configuration list for PBXProject "Rem1nd" */ = {
			isa = XCConfigurationList;
			buildConfigurations = (
				923DAB2826BBBD53006098EA /* Debug */,
				923DAB2926BBBD53006098EA /* Release */,
			);
			defaultConfigurationIsVisible = 0;
			defaultConfigurationName = Release;
		};
		923DAB2A26BBBD53006098EA /* Build configuration list for PBXNativeTarget "Rem1nd" */ = {
			isa = XCConfigurationList;
			buildConfigurations = (
				923DAB2B26BBBD53006098EA /* Debug */,
				923DAB2C26BBBD53006098EA /* Release */,
			);
			defaultConfigurationIsVisible = 0;
			defaultConfigurationName = Release;
		};
/* End XCConfigurationList section */
	};
	rootObject = 923DAB1326BBBD51006098EA /* Project object */;
}
